{
  "name": "TnT",
  "lockfileVersion": 3,
  "requires": true,
  "packages": {
    "": {
      "dependencies": {
        "svg-country-flags": "^1.2.10"
      }
    },
    "node_modules/svg-country-flags": {
      "version": "1.2.10",
      "resolved": "https://registry.npmjs.org/svg-country-flags/-/svg-country-flags-1.2.10.tgz",
      "integrity": "sha512-xrqwo0TYf/h2cfPvGpjdSuSguUbri4vNNizBnwzoZnX0xGo3O5nGJMlbYEp7NOYcnPGBm6LE2axqDWSB847bLw==",
      "license": "PD"
    }
  }
}
